
Microsoft Visual Studio Solution File, Format Version 12.00
# Visual Studio 15
VisualStudioVersion = 15.0.28307.168
MinimumVisualStudioVersion = 10.0.40219.1
Project("{8BC9CEB8-8B4A-11D0-8D11-00A0C91BC942}") = "lab01", "lab01\lab01.vcxproj", "{1FCCA34D-BBDA-4253-A0D1-84563A6E6CA8}"
EndProject
Project("{8BC9CEB8-8B4A-11D0-8D11-00A0C91BC942}") = "lab02", "lab02\lab02.vcxproj", "{806366B9-D842-4AA8-9AF5-03D205E4CDCD}"
EndProject
Project("{8BC9CEB8-8B4A-11D0-8D11-00A0C91BC942}") = "lab03", "lab03\lab03.vcxproj", "{DD6ACD21-370A-4F01-AEF4-A036187A3A0A}"
EndProject
Project("{8BC9CEB8-8B4A-11D0-8D11-00A0C91BC942}") = "lab04", "lab04\lab04.vcxproj", "{B8C35114-053A-45D4-BCFB-0567A8465545}"
EndProject
Project("{8BC9CEB8-8B4A-11D0-8D11-00A0C91BC942}") = "lab05", "lab5\lab5.vcxproj", "{20D74027-5617-4BFD-8AF9-53FC5F5EC78B}"
EndProject
Project("{8BC9CEB8-8B4A-11D0-8D11-00A0C91BC942}") = "lab06", "lab06\lab06.vcxproj", "{BF63ACE2-866F-4537-BABC-2B02978D5FE6}"
EndProject
Project("{8BC9CEB8-8B4A-11D0-8D11-00A0C91BC942}") = "lab07", "lab07\lab07.vcxproj", "{83CAFDAC-4ED2-40D0-BE91-0D684841E228}"
EndProject
Project("{8BC9CEB8-8B4A-11D0-8D11-00A0C91BC942}") = "lab08", "lab08\lab08.vcxproj", "{226910A3-FCA1-4287-B5C3-CD019A377F52}"
EndProject
Project("{8BC9CEB8-8B4A-11D0-8D11-00A0C91BC942}") = "lab09", "lab09\lab09.vcxproj", "{481751C1-EC08-4CF5-B86B-8923F033FE10}"
EndProject
Project("{8BC9CEB8-8B4A-11D0-8D11-00A0C91BC942}") = "lab10", "lab10\lab10.vcxproj", "{59EAD67E-F998-40BA-AE3F-F72ADA313E51}"
EndProject
Project("{8BC9CEB8-8B4A-11D0-8D11-00A0C91BC942}") = "lab11", "lab11\lab11.vcxproj", "{04068B1F-7363-4C6E-BBBB-9CA6A3638E0F}"
EndProject
Project("{8BC9CEB8-8B4A-11D0-8D11-00A0C91BC942}") = "lab12", "lab12\lab12.vcxproj", "{DDDAA5DC-7D19-4A6E-BB8E-F04E00CCD31F}"
EndProject
Project("{8BC9CEB8-8B4A-11D0-8D11-00A0C91BC942}") = "lab13", "lab13\lab13.vcxproj", "{E06047E9-1EEE-4008-AED0-EE6D3354B7A9}"
EndProject
Project("{8BC9CEB8-8B4A-11D0-8D11-00A0C91BC942}") = "lab14", "lab14\lab14.vcxproj", "{A8D5014D-B0AC-4AAD-8E29-F8C2EAADC72C}"
EndProject
Project("{8BC9CEB8-8B4A-11D0-8D11-00A0C91BC942}") = "lab15", "lab15\lab15.vcxproj", "{813D77E1-7A68-4C3A-9A80-45FEB6ACDB4B}"
EndProject
Project("{8BC9CEB8-8B4A-11D0-8D11-00A0C91BC942}") = "lab16", "lab16\lab16.vcxproj", "{E59D0C84-167D-4296-8816-DC9114387FBF}"
EndProject
Project("{8BC9CEB8-8B4A-11D0-8D11-00A0C91BC942}") = "rgz", "rgz\rgz.vcxproj", "{C50F3067-208D-46DB-83BA-42C4C19D48D5}"
EndProject
Global
	GlobalSection(SolutionConfigurationPlatforms) = preSolution
		Debug|x64 = Debug|x64
		Debug|x86 = Debug|x86
		Release|x64 = Release|x64
		Release|x86 = Release|x86
		Test|x64 = Test|x64
		Test|x86 = Test|x86
	EndGlobalSection
	GlobalSection(ProjectConfigurationPlatforms) = postSolution
		{1FCCA34D-BBDA-4253-A0D1-84563A6E6CA8}.Debug|x64.ActiveCfg = Debug|x64
		{1FCCA34D-BBDA-4253-A0D1-84563A6E6CA8}.Debug|x64.Build.0 = Debug|x64
		{1FCCA34D-BBDA-4253-A0D1-84563A6E6CA8}.Debug|x86.ActiveCfg = Debug|Win32
		{1FCCA34D-BBDA-4253-A0D1-84563A6E6CA8}.Debug|x86.Build.0 = Debug|Win32
		{1FCCA34D-BBDA-4253-A0D1-84563A6E6CA8}.Release|x64.ActiveCfg = Release|x64
		{1FCCA34D-BBDA-4253-A0D1-84563A6E6CA8}.Release|x64.Build.0 = Release|x64
		{1FCCA34D-BBDA-4253-A0D1-84563A6E6CA8}.Release|x86.ActiveCfg = Release|Win32
		{1FCCA34D-BBDA-4253-A0D1-84563A6E6CA8}.Release|x86.Build.0 = Release|Win32
		{1FCCA34D-BBDA-4253-A0D1-84563A6E6CA8}.Test|x64.ActiveCfg = Test|x64
		{1FCCA34D-BBDA-4253-A0D1-84563A6E6CA8}.Test|x64.Build.0 = Test|x64
		{1FCCA34D-BBDA-4253-A0D1-84563A6E6CA8}.Test|x86.ActiveCfg = Test|Win32
		{1FCCA34D-BBDA-4253-A0D1-84563A6E6CA8}.Test|x86.Build.0 = Test|Win32
		{806366B9-D842-4AA8-9AF5-03D205E4CDCD}.Debug|x64.ActiveCfg = Debug|x64
		{806366B9-D842-4AA8-9AF5-03D205E4CDCD}.Debug|x64.Build.0 = Debug|x64
		{806366B9-D842-4AA8-9AF5-03D205E4CDCD}.Debug|x86.ActiveCfg = Debug|Win32
		{806366B9-D842-4AA8-9AF5-03D205E4CDCD}.Debug|x86.Build.0 = Debug|Win32
		{806366B9-D842-4AA8-9AF5-03D205E4CDCD}.Release|x64.ActiveCfg = Release|x64
		{806366B9-D842-4AA8-9AF5-03D205E4CDCD}.Release|x64.Build.0 = Release|x64
		{806366B9-D842-4AA8-9AF5-03D205E4CDCD}.Release|x86.ActiveCfg = Release|Win32
		{806366B9-D842-4AA8-9AF5-03D205E4CDCD}.Release|x86.Build.0 = Release|Win32
		{806366B9-D842-4AA8-9AF5-03D205E4CDCD}.Test|x64.ActiveCfg = Release|x64
		{806366B9-D842-4AA8-9AF5-03D205E4CDCD}.Test|x64.Build.0 = Release|x64
		{806366B9-D842-4AA8-9AF5-03D205E4CDCD}.Test|x86.ActiveCfg = Release|Win32
		{806366B9-D842-4AA8-9AF5-03D205E4CDCD}.Test|x86.Build.0 = Release|Win32
		{DD6ACD21-370A-4F01-AEF4-A036187A3A0A}.Debug|x64.ActiveCfg = Debug|x64
		{DD6ACD21-370A-4F01-AEF4-A036187A3A0A}.Debug|x64.Build.0 = Debug|x64
		{DD6ACD21-370A-4F01-AEF4-A036187A3A0A}.Debug|x86.ActiveCfg = Debug|Win32
		{DD6ACD21-370A-4F01-AEF4-A036187A3A0A}.Debug|x86.Build.0 = Debug|Win32
		{DD6ACD21-370A-4F01-AEF4-A036187A3A0A}.Release|x64.ActiveCfg = Release|x64
		{DD6ACD21-370A-4F01-AEF4-A036187A3A0A}.Release|x64.Build.0 = Release|x64
		{DD6ACD21-370A-4F01-AEF4-A036187A3A0A}.Release|x86.ActiveCfg = Release|Win32
		{DD6ACD21-370A-4F01-AEF4-A036187A3A0A}.Release|x86.Build.0 = Release|Win32
		{DD6ACD21-370A-4F01-AEF4-A036187A3A0A}.Test|x64.ActiveCfg = Release|x64
		{DD6ACD21-370A-4F01-AEF4-A036187A3A0A}.Test|x64.Build.0 = Release|x64
		{DD6ACD21-370A-4F01-AEF4-A036187A3A0A}.Test|x86.ActiveCfg = Release|Win32
		{DD6ACD21-370A-4F01-AEF4-A036187A3A0A}.Test|x86.Build.0 = Release|Win32
		{B8C35114-053A-45D4-BCFB-0567A8465545}.Debug|x64.ActiveCfg = Debug|x64
		{B8C35114-053A-45D4-BCFB-0567A8465545}.Debug|x64.Build.0 = Debug|x64
		{B8C35114-053A-45D4-BCFB-0567A8465545}.Debug|x86.ActiveCfg = Debug|Win32
		{B8C35114-053A-45D4-BCFB-0567A8465545}.Debug|x86.Build.0 = Debug|Win32
		{B8C35114-053A-45D4-BCFB-0567A8465545}.Release|x64.ActiveCfg = Release|x64
		{B8C35114-053A-45D4-BCFB-0567A8465545}.Release|x64.Build.0 = Release|x64
		{B8C35114-053A-45D4-BCFB-0567A8465545}.Release|x86.ActiveCfg = Release|Win32
		{B8C35114-053A-45D4-BCFB-0567A8465545}.Release|x86.Build.0 = Release|Win32
		{B8C35114-053A-45D4-BCFB-0567A8465545}.Test|x64.ActiveCfg = Release|x64
		{B8C35114-053A-45D4-BCFB-0567A8465545}.Test|x64.Build.0 = Release|x64
		{B8C35114-053A-45D4-BCFB-0567A8465545}.Test|x86.ActiveCfg = Release|Win32
		{B8C35114-053A-45D4-BCFB-0567A8465545}.Test|x86.Build.0 = Release|Win32
		{20D74027-5617-4BFD-8AF9-53FC5F5EC78B}.Debug|x64.ActiveCfg = Debug|x64
		{20D74027-5617-4BFD-8AF9-53FC5F5EC78B}.Debug|x64.Build.0 = Debug|x64
		{20D74027-5617-4BFD-8AF9-53FC5F5EC78B}.Debug|x86.ActiveCfg = Debug|Win32
		{20D74027-5617-4BFD-8AF9-53FC5F5EC78B}.Debug|x86.Build.0 = Debug|Win32
		{20D74027-5617-4BFD-8AF9-53FC5F5EC78B}.Release|x64.ActiveCfg = Release|x64
		{20D74027-5617-4BFD-8AF9-53FC5F5EC78B}.Release|x64.Build.0 = Release|x64
		{20D74027-5617-4BFD-8AF9-53FC5F5EC78B}.Release|x86.ActiveCfg = Release|Win32
		{20D74027-5617-4BFD-8AF9-53FC5F5EC78B}.Release|x86.Build.0 = Release|Win32
		{20D74027-5617-4BFD-8AF9-53FC5F5EC78B}.Test|x64.ActiveCfg = Release|x64
		{20D74027-5617-4BFD-8AF9-53FC5F5EC78B}.Test|x64.Build.0 = Release|x64
		{20D74027-5617-4BFD-8AF9-53FC5F5EC78B}.Test|x86.ActiveCfg = Release|Win32
		{20D74027-5617-4BFD-8AF9-53FC5F5EC78B}.Test|x86.Build.0 = Release|Win32
		{BF63ACE2-866F-4537-BABC-2B02978D5FE6}.Debug|x64.ActiveCfg = Debug|x64
		{BF63ACE2-866F-4537-BABC-2B02978D5FE6}.Debug|x64.Build.0 = Debug|x64
		{BF63ACE2-866F-4537-BABC-2B02978D5FE6}.Debug|x86.ActiveCfg = Debug|Win32
		{BF63ACE2-866F-4537-BABC-2B02978D5FE6}.Debug|x86.Build.0 = Debug|Win32
		{BF63ACE2-866F-4537-BABC-2B02978D5FE6}.Release|x64.ActiveCfg = Release|x64
		{BF63ACE2-866F-4537-BABC-2B02978D5FE6}.Release|x64.Build.0 = Release|x64
		{BF63ACE2-866F-4537-BABC-2B02978D5FE6}.Release|x86.ActiveCfg = Release|Win32
		{BF63ACE2-866F-4537-BABC-2B02978D5FE6}.Release|x86.Build.0 = Release|Win32
		{BF63ACE2-866F-4537-BABC-2B02978D5FE6}.Test|x64.ActiveCfg = Release|x64
		{BF63ACE2-866F-4537-BABC-2B02978D5FE6}.Test|x64.Build.0 = Release|x64
		{BF63ACE2-866F-4537-BABC-2B02978D5FE6}.Test|x86.ActiveCfg = Release|Win32
		{BF63ACE2-866F-4537-BABC-2B02978D5FE6}.Test|x86.Build.0 = Release|Win32
		{83CAFDAC-4ED2-40D0-BE91-0D684841E228}.Debug|x64.ActiveCfg = Debug|x64
		{83CAFDAC-4ED2-40D0-BE91-0D684841E228}.Debug|x64.Build.0 = Debug|x64
		{83CAFDAC-4ED2-40D0-BE91-0D684841E228}.Debug|x86.ActiveCfg = Debug|Win32
		{83CAFDAC-4ED2-40D0-BE91-0D684841E228}.Debug|x86.Build.0 = Debug|Win32
		{83CAFDAC-4ED2-40D0-BE91-0D684841E228}.Release|x64.ActiveCfg = Release|x64
		{83CAFDAC-4ED2-40D0-BE91-0D684841E228}.Release|x64.Build.0 = Release|x64
		{83CAFDAC-4ED2-40D0-BE91-0D684841E228}.Release|x86.ActiveCfg = Release|Win32
		{83CAFDAC-4ED2-40D0-BE91-0D684841E228}.Release|x86.Build.0 = Release|Win32
		{83CAFDAC-4ED2-40D0-BE91-0D684841E228}.Test|x64.ActiveCfg = Release|x64
		{83CAFDAC-4ED2-40D0-BE91-0D684841E228}.Test|x64.Build.0 = Release|x64
		{83CAFDAC-4ED2-40D0-BE91-0D684841E228}.Test|x86.ActiveCfg = Release|Win32
		{83CAFDAC-4ED2-40D0-BE91-0D684841E228}.Test|x86.Build.0 = Release|Win32
		{226910A3-FCA1-4287-B5C3-CD019A377F52}.Debug|x64.ActiveCfg = Debug|x64
		{226910A3-FCA1-4287-B5C3-CD019A377F52}.Debug|x64.Build.0 = Debug|x64
		{226910A3-FCA1-4287-B5C3-CD019A377F52}.Debug|x86.ActiveCfg = Debug|Win32
		{226910A3-FCA1-4287-B5C3-CD019A377F52}.Debug|x86.Build.0 = Debug|Win32
		{226910A3-FCA1-4287-B5C3-CD019A377F52}.Release|x64.ActiveCfg = Release|x64
		{226910A3-FCA1-4287-B5C3-CD019A377F52}.Release|x64.Build.0 = Release|x64
		{226910A3-FCA1-4287-B5C3-CD019A377F52}.Release|x86.ActiveCfg = Release|Win32
		{226910A3-FCA1-4287-B5C3-CD019A377F52}.Release|x86.Build.0 = Release|Win32
		{226910A3-FCA1-4287-B5C3-CD019A377F52}.Test|x64.ActiveCfg = Release|x64
		{226910A3-FCA1-4287-B5C3-CD019A377F52}.Test|x64.Build.0 = Release|x64
		{226910A3-FCA1-4287-B5C3-CD019A377F52}.Test|x86.ActiveCfg = Release|Win32
		{226910A3-FCA1-4287-B5C3-CD019A377F52}.Test|x86.Build.0 = Release|Win32
		{481751C1-EC08-4CF5-B86B-8923F033FE10}.Debug|x64.ActiveCfg = Debug|x64
		{481751C1-EC08-4CF5-B86B-8923F033FE10}.Debug|x64.Build.0 = Debug|x64
		{481751C1-EC08-4CF5-B86B-8923F033FE10}.Debug|x86.ActiveCfg = Debug|Win32
		{481751C1-EC08-4CF5-B86B-8923F033FE10}.Debug|x86.Build.0 = Debug|Win32
		{481751C1-EC08-4CF5-B86B-8923F033FE10}.Release|x64.ActiveCfg = Release|x64
		{481751C1-EC08-4CF5-B86B-8923F033FE10}.Release|x64.Build.0 = Release|x64
		{481751C1-EC08-4CF5-B86B-8923F033FE10}.Release|x86.ActiveCfg = Release|Win32
		{481751C1-EC08-4CF5-B86B-8923F033FE10}.Release|x86.Build.0 = Release|Win32
		{481751C1-EC08-4CF5-B86B-8923F033FE10}.Test|x64.ActiveCfg = Release|x64
		{481751C1-EC08-4CF5-B86B-8923F033FE10}.Test|x64.Build.0 = Release|x64
		{481751C1-EC08-4CF5-B86B-8923F033FE10}.Test|x86.ActiveCfg = Release|Win32
		{481751C1-EC08-4CF5-B86B-8923F033FE10}.Test|x86.Build.0 = Release|Win32
		{59EAD67E-F998-40BA-AE3F-F72ADA313E51}.Debug|x64.ActiveCfg = Debug|x64
		{59EAD67E-F998-40BA-AE3F-F72ADA313E51}.Debug|x64.Build.0 = Debug|x64
		{59EAD67E-F998-40BA-AE3F-F72ADA313E51}.Debug|x86.ActiveCfg = Debug|Win32
		{59EAD67E-F998-40BA-AE3F-F72ADA313E51}.Debug|x86.Build.0 = Debug|Win32
		{59EAD67E-F998-40BA-AE3F-F72ADA313E51}.Release|x64.ActiveCfg = Release|x64
		{59EAD67E-F998-40BA-AE3F-F72ADA313E51}.Release|x64.Build.0 = Release|x64
		{59EAD67E-F998-40BA-AE3F-F72ADA313E51}.Release|x86.ActiveCfg = Release|Win32
		{59EAD67E-F998-40BA-AE3F-F72ADA313E51}.Release|x86.Build.0 = Release|Win32
		{59EAD67E-F998-40BA-AE3F-F72ADA313E51}.Test|x64.ActiveCfg = Test|x64
		{59EAD67E-F998-40BA-AE3F-F72ADA313E51}.Test|x64.Build.0 = Test|x64
		{59EAD67E-F998-40BA-AE3F-F72ADA313E51}.Test|x86.ActiveCfg = Test|Win32
		{59EAD67E-F998-40BA-AE3F-F72ADA313E51}.Test|x86.Build.0 = Test|Win32
		{04068B1F-7363-4C6E-BBBB-9CA6A3638E0F}.Debug|x64.ActiveCfg = Debug|x64
		{04068B1F-7363-4C6E-BBBB-9CA6A3638E0F}.Debug|x64.Build.0 = Debug|x64
		{04068B1F-7363-4C6E-BBBB-9CA6A3638E0F}.Debug|x86.ActiveCfg = Debug|Win32
		{04068B1F-7363-4C6E-BBBB-9CA6A3638E0F}.Debug|x86.Build.0 = Debug|Win32
		{04068B1F-7363-4C6E-BBBB-9CA6A3638E0F}.Release|x64.ActiveCfg = Release|x64
		{04068B1F-7363-4C6E-BBBB-9CA6A3638E0F}.Release|x64.Build.0 = Release|x64
		{04068B1F-7363-4C6E-BBBB-9CA6A3638E0F}.Release|x86.ActiveCfg = Release|Win32
		{04068B1F-7363-4C6E-BBBB-9CA6A3638E0F}.Release|x86.Build.0 = Release|Win32
		{04068B1F-7363-4C6E-BBBB-9CA6A3638E0F}.Test|x64.ActiveCfg = Release|x64
		{04068B1F-7363-4C6E-BBBB-9CA6A3638E0F}.Test|x64.Build.0 = Release|x64
		{04068B1F-7363-4C6E-BBBB-9CA6A3638E0F}.Test|x86.ActiveCfg = Release|Win32
		{04068B1F-7363-4C6E-BBBB-9CA6A3638E0F}.Test|x86.Build.0 = Release|Win32
		{DDDAA5DC-7D19-4A6E-BB8E-F04E00CCD31F}.Debug|x64.ActiveCfg = Debug|x64
		{DDDAA5DC-7D19-4A6E-BB8E-F04E00CCD31F}.Debug|x64.Build.0 = Debug|x64
		{DDDAA5DC-7D19-4A6E-BB8E-F04E00CCD31F}.Debug|x86.ActiveCfg = Debug|Win32
		{DDDAA5DC-7D19-4A6E-BB8E-F04E00CCD31F}.Debug|x86.Build.0 = Debug|Win32
		{DDDAA5DC-7D19-4A6E-BB8E-F04E00CCD31F}.Release|x64.ActiveCfg = Release|x64
		{DDDAA5DC-7D19-4A6E-BB8E-F04E00CCD31F}.Release|x64.Build.0 = Release|x64
		{DDDAA5DC-7D19-4A6E-BB8E-F04E00CCD31F}.Release|x86.ActiveCfg = Release|Win32
		{DDDAA5DC-7D19-4A6E-BB8E-F04E00CCD31F}.Release|x86.Build.0 = Release|Win32
		{DDDAA5DC-7D19-4A6E-BB8E-F04E00CCD31F}.Test|x64.ActiveCfg = Release|x64
		{DDDAA5DC-7D19-4A6E-BB8E-F04E00CCD31F}.Test|x64.Build.0 = Release|x64
		{DDDAA5DC-7D19-4A6E-BB8E-F04E00CCD31F}.Test|x86.ActiveCfg = Release|Win32
		{DDDAA5DC-7D19-4A6E-BB8E-F04E00CCD31F}.Test|x86.Build.0 = Release|Win32
		{E06047E9-1EEE-4008-AED0-EE6D3354B7A9}.Debug|x64.ActiveCfg = Debug|x64
		{E06047E9-1EEE-4008-AED0-EE6D3354B7A9}.Debug|x64.Build.0 = Debug|x64
		{E06047E9-1EEE-4008-AED0-EE6D3354B7A9}.Debug|x86.ActiveCfg = Debug|Win32
		{E06047E9-1EEE-4008-AED0-EE6D3354B7A9}.Debug|x86.Build.0 = Debug|Win32
		{E06047E9-1EEE-4008-AED0-EE6D3354B7A9}.Release|x64.ActiveCfg = Release|x64
		{E06047E9-1EEE-4008-AED0-EE6D3354B7A9}.Release|x64.Build.0 = Release|x64
		{E06047E9-1EEE-4008-AED0-EE6D3354B7A9}.Release|x86.ActiveCfg = Release|Win32
		{E06047E9-1EEE-4008-AED0-EE6D3354B7A9}.Release|x86.Build.0 = Release|Win32
		{E06047E9-1EEE-4008-AED0-EE6D3354B7A9}.Test|x64.ActiveCfg = Release|x64
		{E06047E9-1EEE-4008-AED0-EE6D3354B7A9}.Test|x64.Build.0 = Release|x64
		{E06047E9-1EEE-4008-AED0-EE6D3354B7A9}.Test|x86.ActiveCfg = Release|Win32
		{E06047E9-1EEE-4008-AED0-EE6D3354B7A9}.Test|x86.Build.0 = Release|Win32
		{A8D5014D-B0AC-4AAD-8E29-F8C2EAADC72C}.Debug|x64.ActiveCfg = Debug|x64
		{A8D5014D-B0AC-4AAD-8E29-F8C2EAADC72C}.Debug|x64.Build.0 = Debug|x64
		{A8D5014D-B0AC-4AAD-8E29-F8C2EAADC72C}.Debug|x86.ActiveCfg = Debug|Win32
		{A8D5014D-B0AC-4AAD-8E29-F8C2EAADC72C}.Debug|x86.Build.0 = Debug|Win32
		{A8D5014D-B0AC-4AAD-8E29-F8C2EAADC72C}.Release|x64.ActiveCfg = Release|x64
		{A8D5014D-B0AC-4AAD-8E29-F8C2EAADC72C}.Release|x64.Build.0 = Release|x64
		{A8D5014D-B0AC-4AAD-8E29-F8C2EAADC72C}.Release|x86.ActiveCfg = Release|Win32
		{A8D5014D-B0AC-4AAD-8E29-F8C2EAADC72C}.Release|x86.Build.0 = Release|Win32
		{A8D5014D-B0AC-4AAD-8E29-F8C2EAADC72C}.Test|x64.ActiveCfg = Release|x64
		{A8D5014D-B0AC-4AAD-8E29-F8C2EAADC72C}.Test|x64.Build.0 = Release|x64
		{A8D5014D-B0AC-4AAD-8E29-F8C2EAADC72C}.Test|x86.ActiveCfg = Release|Win32
		{A8D5014D-B0AC-4AAD-8E29-F8C2EAADC72C}.Test|x86.Build.0 = Release|Win32
		{813D77E1-7A68-4C3A-9A80-45FEB6ACDB4B}.Debug|x64.ActiveCfg = Debug|x64
		{813D77E1-7A68-4C3A-9A80-45FEB6ACDB4B}.Debug|x64.Build.0 = Debug|x64
		{813D77E1-7A68-4C3A-9A80-45FEB6ACDB4B}.Debug|x86.ActiveCfg = Debug|Win32
		{813D77E1-7A68-4C3A-9A80-45FEB6ACDB4B}.Debug|x86.Build.0 = Debug|Win32
		{813D77E1-7A68-4C3A-9A80-45FEB6ACDB4B}.Release|x64.ActiveCfg = Release|x64
		{813D77E1-7A68-4C3A-9A80-45FEB6ACDB4B}.Release|x64.Build.0 = Release|x64
		{813D77E1-7A68-4C3A-9A80-45FEB6ACDB4B}.Release|x86.ActiveCfg = Release|Win32
		{813D77E1-7A68-4C3A-9A80-45FEB6ACDB4B}.Release|x86.Build.0 = Release|Win32
		{813D77E1-7A68-4C3A-9A80-45FEB6ACDB4B}.Test|x64.ActiveCfg = Release|x64
		{813D77E1-7A68-4C3A-9A80-45FEB6ACDB4B}.Test|x64.Build.0 = Release|x64
		{813D77E1-7A68-4C3A-9A80-45FEB6ACDB4B}.Test|x86.ActiveCfg = Release|Win32
		{813D77E1-7A68-4C3A-9A80-45FEB6ACDB4B}.Test|x86.Build.0 = Release|Win32
		{E59D0C84-167D-4296-8816-DC9114387FBF}.Debug|x64.ActiveCfg = Debug|x64
		{E59D0C84-167D-4296-8816-DC9114387FBF}.Debug|x64.Build.0 = Debug|x64
		{E59D0C84-167D-4296-8816-DC9114387FBF}.Debug|x86.ActiveCfg = Debug|Win32
		{E59D0C84-167D-4296-8816-DC9114387FBF}.Debug|x86.Build.0 = Debug|Win32
		{E59D0C84-167D-4296-8816-DC9114387FBF}.Release|x64.ActiveCfg = Release|x64
		{E59D0C84-167D-4296-8816-DC9114387FBF}.Release|x64.Build.0 = Release|x64
		{E59D0C84-167D-4296-8816-DC9114387FBF}.Release|x86.ActiveCfg = Release|Win32
		{E59D0C84-167D-4296-8816-DC9114387FBF}.Release|x86.Build.0 = Release|Win32
		{E59D0C84-167D-4296-8816-DC9114387FBF}.Test|x64.ActiveCfg = Release|x64
		{E59D0C84-167D-4296-8816-DC9114387FBF}.Test|x64.Build.0 = Release|x64
		{E59D0C84-167D-4296-8816-DC9114387FBF}.Test|x86.ActiveCfg = Release|Win32
		{E59D0C84-167D-4296-8816-DC9114387FBF}.Test|x86.Build.0 = Release|Win32
		{C50F3067-208D-46DB-83BA-42C4C19D48D5}.Debug|x64.ActiveCfg = Debug|x64
		{C50F3067-208D-46DB-83BA-42C4C19D48D5}.Debug|x64.Build.0 = Debug|x64
		{C50F3067-208D-46DB-83BA-42C4C19D48D5}.Debug|x86.ActiveCfg = Debug|Win32
		{C50F3067-208D-46DB-83BA-42C4C19D48D5}.Debug|x86.Build.0 = Debug|Win32
		{C50F3067-208D-46DB-83BA-42C4C19D48D5}.Release|x64.ActiveCfg = Release|x64
		{C50F3067-208D-46DB-83BA-42C4C19D48D5}.Release|x64.Build.0 = Release|x64
		{C50F3067-208D-46DB-83BA-42C4C19D48D5}.Release|x86.ActiveCfg = Release|Win32
		{C50F3067-208D-46DB-83BA-42C4C19D48D5}.Release|x86.Build.0 = Release|Win32
		{C50F3067-208D-46DB-83BA-42C4C19D48D5}.Test|x64.ActiveCfg = Release|x64
		{C50F3067-208D-46DB-83BA-42C4C19D48D5}.Test|x64.Build.0 = Release|x64
		{C50F3067-208D-46DB-83BA-42C4C19D48D5}.Test|x86.ActiveCfg = Release|Win32
		{C50F3067-208D-46DB-83BA-42C4C19D48D5}.Test|x86.Build.0 = Release|Win32
	EndGlobalSection
	GlobalSection(SolutionProperties) = preSolution
		HideSolutionNode = FALSE
	EndGlobalSection
	GlobalSection(ExtensibilityGlobals) = postSolution
		SolutionGuid = {532B41C0-DF53-404F-B73D-BE99097CB58C}
	EndGlobalSection
EndGlobal
